
Microsoft Visual Studio Solution File, Format Version 12.00
# Visual Studio 2013
VisualStudioVersion = 12.0.31101.0
MinimumVisualStudioVersion = 10.0.40219.1
Project("{2150E333-8FDC-42A3-9474-1A3956D46DE8}") = "Docs", "Docs", "{904EEB25-1C33-4AE7-80FB-2078C2E9418E}"
EndProject
Project("{2150E333-8FDC-42A3-9474-1A3956D46DE8}") = "Github Items", "Github Items", "{66476D74-CC3B-4F62-9D8C-002F76795626}"
	ProjectSection(SolutionItems) = preProject
		README.md = README.md
	EndProjectSection
EndProject
Project("{8BC9CEB8-8B4A-11D0-8D11-00A0C91BC942}") = "SharedComps", "SharedComps\SharedComps.vcxproj", "{7863518A-1DB4-41C1-92CC-374B0FAEE53C}"
EndProject
Project("{2150E333-8FDC-42A3-9474-1A3956D46DE8}") = "Chap_01", "Chap_01", "{D95043DA-03EC-4E52-BA19-18C1A539B59A}"
EndProject
Project("{8BC9CEB8-8B4A-11D0-8D11-00A0C91BC942}") = "Triangles", "Chap_01\Triangles\Triangles.vcxproj", "{227F892E-4D13-42C2-8DB8-C73AC017C482}"
EndProject
Project("{8BC9CEB8-8B4A-11D0-8D11-00A0C91BC942}") = "TestField", "TestField\TestField.vcxproj", "{5CA5D2E7-7C1F-4579-B48C-7736D84FEFA0}"
EndProject
Project("{2150E333-8FDC-42A3-9474-1A3956D46DE8}") = "Chap_03", "Chap_03", "{DCAACDBD-F530-4D8E-99A0-5916DD436EC6}"
EndProject
Project("{8BC9CEB8-8B4A-11D0-8D11-00A0C91BC942}") = "DrawCommands", "Chap_03\DrawCommands\DrawCommands.vcxproj", "{78BD8D49-A80E-4A5A-821B-15E6FB724511}"
EndProject
Project("{2150E333-8FDC-42A3-9474-1A3956D46DE8}") = "Exercises", "Exercises", "{8D966E4F-99B8-4E7D-A302-4A5AEA1B534A}"
EndProject
Project("{8BC9CEB8-8B4A-11D0-8D11-00A0C91BC942}") = "ColoredTriangle", "Chap_01\Exercises\ColoredTriangle\ColoredTriangle.vcxproj", "{4D61D8B2-EC8A-4182-8B2A-9CDA485B2BC6}"
EndProject
Project("{2150E333-8FDC-42A3-9474-1A3956D46DE8}") = "DocBook", "DocBook", "{36535F29-4C16-454F-AD9B-B4CFF0E22E7A}"
EndProject
Project("{2150E333-8FDC-42A3-9474-1A3956D46DE8}") = "Markdown", "Markdown", "{34542E09-D711-4F2D-AC06-5FAA8E22E13D}"
EndProject
Project("{2150E333-8FDC-42A3-9474-1A3956D46DE8}") = "VisualStudio", "VisualStudio", "{F8A78D09-6ADA-428A-83AB-CA37F2606BF6}"
EndProject
Project("{2150E333-8FDC-42A3-9474-1A3956D46DE8}") = "Howto", "Howto", "{51DF834F-4F3B-4140-964A-07D3106FE22E}"
	ProjectSection(SolutionItems) = preProject
		Docs\Markdown\VisualStudio\Howto\VisualStudioHowto.mkd = Docs\Markdown\VisualStudio\Howto\VisualStudioHowto.mkd
	EndProjectSection
EndProject
Project("{2150E333-8FDC-42A3-9474-1A3956D46DE8}") = "images", "images", "{15704DA5-1954-4B0C-A087-D9964EA70773}"
	ProjectSection(SolutionItems) = preProject
		Docs\Markdown\VisualStudio\Howto\images\VS_OpenGL_Projs_Dependency.png = Docs\Markdown\VisualStudio\Howto\images\VS_OpenGL_Projs_Dependency.png
		Docs\Markdown\VisualStudio\Howto\images\VS_OpenGL_Projs_Include_Dir.png = Docs\Markdown\VisualStudio\Howto\images\VS_OpenGL_Projs_Include_Dir.png
	EndProjectSection
EndProject
Project("{2150E333-8FDC-42A3-9474-1A3956D46DE8}") = "SampleBook", "SampleBook", "{ABAE47F4-4A7D-4387-9676-D7B8A558EE27}"
	ProjectSection(SolutionItems) = preProject
		Docs\DocBook\SampleBook\DocBook.mkd = Docs\DocBook\SampleBook\DocBook.mkd
		Docs\DocBook\SampleBook\GenHTML.sh = Docs\DocBook\SampleBook\GenHTML.sh
		Docs\DocBook\SampleBook\GenPDF.sh = Docs\DocBook\SampleBook\GenPDF.sh
		Docs\DocBook\SampleBook\makefile = Docs\DocBook\SampleBook\makefile
	EndProjectSection
EndProject
Project("{2150E333-8FDC-42A3-9474-1A3956D46DE8}") = "Content", "Content", "{0598A534-3075-4C31-B4E0-BB7C8257FA97}"
	ProjectSection(SolutionItems) = preProject
		Docs\DocBook\SampleBook\Content\chapter1.xml = Docs\DocBook\SampleBook\Content\chapter1.xml
		Docs\DocBook\SampleBook\Content\chapter2.xml = Docs\DocBook\SampleBook\Content\chapter2.xml
		Docs\DocBook\SampleBook\Content\SampleBook.xml = Docs\DocBook\SampleBook\Content\SampleBook.xml
	EndProjectSection
EndProject
Project("{2150E333-8FDC-42A3-9474-1A3956D46DE8}") = "CSS", "CSS", "{D8A2789C-933B-450D-A645-86991B4BE817}"
	ProjectSection(SolutionItems) = preProject
		Docs\DocBook\SampleBook\CSS\style.css = Docs\DocBook\SampleBook\CSS\style.css
	EndProjectSection
EndProject
Project("{2150E333-8FDC-42A3-9474-1A3956D46DE8}") = "XSL", "XSL", "{21A58A93-28E4-45BC-A16A-22A0AC3219FC}"
	ProjectSection(SolutionItems) = preProject
		Docs\DocBook\SampleBook\XSL\chunk.xsl = Docs\DocBook\SampleBook\XSL\chunk.xsl
		Docs\DocBook\SampleBook\XSL\html.xsl = Docs\DocBook\SampleBook\XSL\html.xsl
		Docs\DocBook\SampleBook\XSL\pdf.xsl = Docs\DocBook\SampleBook\XSL\pdf.xsl
		Docs\DocBook\SampleBook\XSL\sharedparts.xsl = Docs\DocBook\SampleBook\XSL\sharedparts.xsl
		Docs\DocBook\SampleBook\XSL\sharedparts_html.xsl = Docs\DocBook\SampleBook\XSL\sharedparts_html.xsl
	EndProjectSection
EndProject
Project("{2150E333-8FDC-42A3-9474-1A3956D46DE8}") = "GNUMake", "GNUMake", "{E1D2BA6D-C4AA-4452-BFDB-7C2833827B5B}"
	ProjectSection(SolutionItems) = preProject
		Docs\Markdown\GNUMake\Make.mkd = Docs\Markdown\GNUMake\Make.mkd
	EndProjectSection
EndProject
Project("{2150E333-8FDC-42A3-9474-1A3956D46DE8}") = "OpenGLNotes", "OpenGLNotes", "{68A1FFC7-7BD1-40BB-AB2B-E0B883122431}"
	ProjectSection(SolutionItems) = preProject
		Docs\DocBook\OpenGLNotes\makefile = Docs\DocBook\OpenGLNotes\makefile
	EndProjectSection
EndProject
Project("{2150E333-8FDC-42A3-9474-1A3956D46DE8}") = "Content", "Content", "{88CFDB23-43C4-4D44-942A-E3661D1338AB}"
	ProjectSection(SolutionItems) = preProject
		Docs\DocBook\OpenGLNotes\Content\OpenGLNotes.xml = Docs\DocBook\OpenGLNotes\Content\OpenGLNotes.xml
	EndProjectSection
EndProject
Project("{2150E333-8FDC-42A3-9474-1A3956D46DE8}") = "CSS", "CSS", "{704A0E4A-011B-4978-BCD5-73300ED62B06}"
	ProjectSection(SolutionItems) = preProject
		Docs\DocBook\OpenGLNotes\CSS\style.css = Docs\DocBook\OpenGLNotes\CSS\style.css
	EndProjectSection
EndProject
Project("{2150E333-8FDC-42A3-9474-1A3956D46DE8}") = "Images", "Images", "{EF94C597-698B-48BD-B844-FD43E9319297}"
EndProject
Project("{2150E333-8FDC-42A3-9474-1A3956D46DE8}") = "Images", "Images", "{D3C3C369-E1E7-449E-8231-B41F3B0ABADD}"
EndProject
Project("{2150E333-8FDC-42A3-9474-1A3956D46DE8}") = "XSL", "XSL", "{AFC752F5-6B61-47F8-A307-6AE40035DBEC}"
	ProjectSection(SolutionItems) = preProject
		Docs\DocBook\OpenGLNotes\XSL\chunk.xsl = Docs\DocBook\OpenGLNotes\XSL\chunk.xsl
		Docs\DocBook\OpenGLNotes\XSL\html.xsl = Docs\DocBook\OpenGLNotes\XSL\html.xsl
		Docs\DocBook\OpenGLNotes\XSL\pdf.xsl = Docs\DocBook\OpenGLNotes\XSL\pdf.xsl
		Docs\DocBook\OpenGLNotes\XSL\sharedparts.xsl = Docs\DocBook\OpenGLNotes\XSL\sharedparts.xsl
		Docs\DocBook\OpenGLNotes\XSL\sharedparts_html.xsl = Docs\DocBook\OpenGLNotes\XSL\sharedparts_html.xsl
	EndProjectSection
EndProject
Project("{2150E333-8FDC-42A3-9474-1A3956D46DE8}") = "prologues", "prologues", "{7E60AE52-65F2-4329-B6EE-7EA995E92194}"
	ProjectSection(SolutionItems) = preProject
		Docs\DocBook\OpenGLNotes\Content\prologues\Dedication.xml = Docs\DocBook\OpenGLNotes\Content\prologues\Dedication.xml
	EndProjectSection
EndProject
Project("{2150E333-8FDC-42A3-9474-1A3956D46DE8}") = "chapters", "chapters", "{17FD8FA7-BD6A-479D-BEDF-FF234ECA3299}"
	ProjectSection(SolutionItems) = preProject
		Docs\DocBook\OpenGLNotes\Content\chapters\QuickStart.xml = Docs\DocBook\OpenGLNotes\Content\chapters\QuickStart.xml
	EndProjectSection
EndProject
Project("{2150E333-8FDC-42A3-9474-1A3956D46DE8}") = "epilogues", "epilogues", "{BB249CA4-AE19-4758-A029-266416E21761}"
	ProjectSection(SolutionItems) = preProject
		Docs\DocBook\OpenGLNotes\Content\epilogues\Bibliography.xml = Docs\DocBook\OpenGLNotes\Content\epilogues\Bibliography.xml
	EndProjectSection
EndProject
Project("{2150E333-8FDC-42A3-9474-1A3956D46DE8}") = "appendix", "appendix", "{1180839F-BB9B-4262-947C-28B2F588BB96}"
	ProjectSection(SolutionItems) = preProject
		Docs\DocBook\OpenGLNotes\Content\epilogues\appendix\DocBook.xml = Docs\DocBook\OpenGLNotes\Content\epilogues\appendix\DocBook.xml
		Docs\DocBook\OpenGLNotes\Content\epilogues\appendix\XSL.xml = Docs\DocBook\OpenGLNotes\Content\epilogues\appendix\XSL.xml
	EndProjectSection
EndProject
Project("{2150E333-8FDC-42A3-9474-1A3956D46DE8}") = "references", "references", "{0D7A9374-1ABD-4367-9F6D-654113F2D4C1}"
	ProjectSection(SolutionItems) = preProject
		Docs\DocBook\OpenGLNotes\Content\references\khronoscopyright.xml = Docs\DocBook\OpenGLNotes\Content\references\khronoscopyright.xml
		Docs\DocBook\OpenGLNotes\Content\references\OpenGLReferencePages.xml = Docs\DocBook\OpenGLNotes\Content\references\OpenGLReferencePages.xml
	EndProjectSection
EndProject
Project("{2150E333-8FDC-42A3-9474-1A3956D46DE8}") = "etc", "etc", "{E0422AB6-4EA1-4F96-AF05-258AC8729B17}"
EndProject
Project("{2150E333-8FDC-42A3-9474-1A3956D46DE8}") = "tmp", "tmp", "{144F1D5C-216D-4119-8CFA-9B804BE76192}"
EndProject
Project("{2150E333-8FDC-42A3-9474-1A3956D46DE8}") = "xsl", "xsl", "{890DE47B-D4FF-4F99-8DB5-6C32891F69C1}"
	ProjectSection(SolutionItems) = preProject
		etc\tmp\xsl\BooksCollection.xml = etc\tmp\xsl\BooksCollection.xml
		etc\tmp\xsl\BooksCollection.xsl = etc\tmp\xsl\BooksCollection.xsl
		etc\tmp\xsl\ConvertXML.sh = etc\tmp\xsl\ConvertXML.sh
	EndProjectSection
EndProject
Project("{2150E333-8FDC-42A3-9474-1A3956D46DE8}") = "utils", "utils", "{48D8961F-CF26-4DE6-914A-D555BA519F5E}"
EndProject
Project("{2150E333-8FDC-42A3-9474-1A3956D46DE8}") = "convertglmanual", "convertglmanual", "{090F0C1B-25F5-4EAD-8554-AF5D63801ADD}"
	ProjectSection(SolutionItems) = preProject
		etc\utils\convertglmanual\ConvertOpenGLManual.sh = etc\utils\convertglmanual\ConvertOpenGLManual.sh
		etc\utils\convertglmanual\localstyle.xsl = etc\utils\convertglmanual\localstyle.xsl
	EndProjectSection
EndProject
Project("{2150E333-8FDC-42A3-9474-1A3956D46DE8}") = "glmansource", "glmansource", "{D91AD284-9FFC-41D4-9673-EC0959374133}"
	ProjectSection(SolutionItems) = preProject
		etc\utils\convertglmanual\glmansource\glBindBuffer.xml = etc\utils\convertglmanual\glmansource\glBindBuffer.xml
		etc\utils\convertglmanual\glmansource\glDeleteBuffers.xml = etc\utils\convertglmanual\glmansource\glDeleteBuffers.xml
		etc\utils\convertglmanual\glmansource\glGenBuffers.xml = etc\utils\convertglmanual\glmansource\glGenBuffers.xml
		etc\utils\convertglmanual\glmansource\glGet.xml = etc\utils\convertglmanual\glmansource\glGet.xml
	EndProjectSection
EndProject
Project("{2150E333-8FDC-42A3-9474-1A3956D46DE8}") = "included", "included", "{F39EA16A-1C9A-4792-AE7C-968EA81ECB7E}"
	ProjectSection(SolutionItems) = preProject
		etc\utils\convertglmanual\glmansource\included\apifunchead.xml = etc\utils\convertglmanual\glmansource\included\apifunchead.xml
		etc\utils\convertglmanual\glmansource\included\apiversion.xml = etc\utils\convertglmanual\glmansource\included\apiversion.xml
		etc\utils\convertglmanual\glmansource\included\bufferbindings.xml = etc\utils\convertglmanual\glmansource\included\bufferbindings.xml
	EndProjectSection
EndProject
Project("{2150E333-8FDC-42A3-9474-1A3956D46DE8}") = "converted", "converted", "{0E79FE72-6392-4B55-B670-322F5264E6E7}"
	ProjectSection(SolutionItems) = preProject
		Docs\DocBook\OpenGLNotes\Content\references\converted\glBindBuffer.xml = Docs\DocBook\OpenGLNotes\Content\references\converted\glBindBuffer.xml
		Docs\DocBook\OpenGLNotes\Content\references\converted\glDeleteBuffers.xml = Docs\DocBook\OpenGLNotes\Content\references\converted\glDeleteBuffers.xml
		Docs\DocBook\OpenGLNotes\Content\references\converted\glGenBuffers.xml = Docs\DocBook\OpenGLNotes\Content\references\converted\glGenBuffers.xml
		Docs\DocBook\OpenGLNotes\Content\references\converted\glGet.xml = Docs\DocBook\OpenGLNotes\Content\references\converted\glGet.xml
	EndProjectSection
EndProject
Project("{2150E333-8FDC-42A3-9474-1A3956D46DE8}") = "included", "included", "{B55A2992-6910-44C7-B747-D17E6EE0E96B}"
	ProjectSection(SolutionItems) = preProject
		Docs\DocBook\OpenGLNotes\Content\references\converted\included\apifunchead.xml = Docs\DocBook\OpenGLNotes\Content\references\converted\included\apifunchead.xml
		Docs\DocBook\OpenGLNotes\Content\references\converted\included\apiversion.xml = Docs\DocBook\OpenGLNotes\Content\references\converted\included\apiversion.xml
		Docs\DocBook\OpenGLNotes\Content\references\converted\included\bufferbindings.xml = Docs\DocBook\OpenGLNotes\Content\references\converted\included\bufferbindings.xml
	EndProjectSection
EndProject
Project("{2150E333-8FDC-42A3-9474-1A3956D46DE8}") = "chapters", "chapters", "{D94B9405-C2FF-4772-9D16-D5754644A264}"
EndProject
Project("{2150E333-8FDC-42A3-9474-1A3956D46DE8}") = "QuickStart", "QuickStart", "{F3DD7CE8-D5B9-4646-B2C9-799638F368C5}"
	ProjectSection(SolutionItems) = preProject
		Docs\DocBook\OpenGLNotes\Images\chapters\QuickStart\Triangles.png = Docs\DocBook\OpenGLNotes\Images\chapters\QuickStart\Triangles.png
	EndProjectSection
EndProject
Global
	GlobalSection(SolutionConfigurationPlatforms) = preSolution
		Debug|Win32 = Debug|Win32
		Release|Win32 = Release|Win32
	EndGlobalSection
	GlobalSection(ProjectConfigurationPlatforms) = postSolution
		{7863518A-1DB4-41C1-92CC-374B0FAEE53C}.Debug|Win32.ActiveCfg = Debug|Win32
		{7863518A-1DB4-41C1-92CC-374B0FAEE53C}.Debug|Win32.Build.0 = Debug|Win32
		{7863518A-1DB4-41C1-92CC-374B0FAEE53C}.Release|Win32.ActiveCfg = Release|Win32
		{7863518A-1DB4-41C1-92CC-374B0FAEE53C}.Release|Win32.Build.0 = Release|Win32
		{227F892E-4D13-42C2-8DB8-C73AC017C482}.Debug|Win32.ActiveCfg = Debug|Win32
		{227F892E-4D13-42C2-8DB8-C73AC017C482}.Debug|Win32.Build.0 = Debug|Win32
		{227F892E-4D13-42C2-8DB8-C73AC017C482}.Release|Win32.ActiveCfg = Release|Win32
		{227F892E-4D13-42C2-8DB8-C73AC017C482}.Release|Win32.Build.0 = Release|Win32
		{5CA5D2E7-7C1F-4579-B48C-7736D84FEFA0}.Debug|Win32.ActiveCfg = Debug|Win32
		{5CA5D2E7-7C1F-4579-B48C-7736D84FEFA0}.Debug|Win32.Build.0 = Debug|Win32
		{5CA5D2E7-7C1F-4579-B48C-7736D84FEFA0}.Release|Win32.ActiveCfg = Release|Win32
		{5CA5D2E7-7C1F-4579-B48C-7736D84FEFA0}.Release|Win32.Build.0 = Release|Win32
		{78BD8D49-A80E-4A5A-821B-15E6FB724511}.Debug|Win32.ActiveCfg = Debug|Win32
		{78BD8D49-A80E-4A5A-821B-15E6FB724511}.Debug|Win32.Build.0 = Debug|Win32
		{78BD8D49-A80E-4A5A-821B-15E6FB724511}.Release|Win32.ActiveCfg = Release|Win32
		{78BD8D49-A80E-4A5A-821B-15E6FB724511}.Release|Win32.Build.0 = Release|Win32
		{4D61D8B2-EC8A-4182-8B2A-9CDA485B2BC6}.Debug|Win32.ActiveCfg = Debug|Win32
		{4D61D8B2-EC8A-4182-8B2A-9CDA485B2BC6}.Debug|Win32.Build.0 = Debug|Win32
		{4D61D8B2-EC8A-4182-8B2A-9CDA485B2BC6}.Release|Win32.ActiveCfg = Release|Win32
		{4D61D8B2-EC8A-4182-8B2A-9CDA485B2BC6}.Release|Win32.Build.0 = Release|Win32
	EndGlobalSection
	GlobalSection(SolutionProperties) = preSolution
		HideSolutionNode = FALSE
	EndGlobalSection
	GlobalSection(NestedProjects) = preSolution
		{227F892E-4D13-42C2-8DB8-C73AC017C482} = {D95043DA-03EC-4E52-BA19-18C1A539B59A}
		{78BD8D49-A80E-4A5A-821B-15E6FB724511} = {DCAACDBD-F530-4D8E-99A0-5916DD436EC6}
		{8D966E4F-99B8-4E7D-A302-4A5AEA1B534A} = {D95043DA-03EC-4E52-BA19-18C1A539B59A}
		{4D61D8B2-EC8A-4182-8B2A-9CDA485B2BC6} = {8D966E4F-99B8-4E7D-A302-4A5AEA1B534A}
		{36535F29-4C16-454F-AD9B-B4CFF0E22E7A} = {904EEB25-1C33-4AE7-80FB-2078C2E9418E}
		{34542E09-D711-4F2D-AC06-5FAA8E22E13D} = {904EEB25-1C33-4AE7-80FB-2078C2E9418E}
		{F8A78D09-6ADA-428A-83AB-CA37F2606BF6} = {34542E09-D711-4F2D-AC06-5FAA8E22E13D}
		{51DF834F-4F3B-4140-964A-07D3106FE22E} = {F8A78D09-6ADA-428A-83AB-CA37F2606BF6}
		{15704DA5-1954-4B0C-A087-D9964EA70773} = {51DF834F-4F3B-4140-964A-07D3106FE22E}
		{ABAE47F4-4A7D-4387-9676-D7B8A558EE27} = {36535F29-4C16-454F-AD9B-B4CFF0E22E7A}
		{0598A534-3075-4C31-B4E0-BB7C8257FA97} = {ABAE47F4-4A7D-4387-9676-D7B8A558EE27}
		{D8A2789C-933B-450D-A645-86991B4BE817} = {ABAE47F4-4A7D-4387-9676-D7B8A558EE27}
		{21A58A93-28E4-45BC-A16A-22A0AC3219FC} = {ABAE47F4-4A7D-4387-9676-D7B8A558EE27}
		{E1D2BA6D-C4AA-4452-BFDB-7C2833827B5B} = {34542E09-D711-4F2D-AC06-5FAA8E22E13D}
		{68A1FFC7-7BD1-40BB-AB2B-E0B883122431} = {36535F29-4C16-454F-AD9B-B4CFF0E22E7A}
		{88CFDB23-43C4-4D44-942A-E3661D1338AB} = {68A1FFC7-7BD1-40BB-AB2B-E0B883122431}
		{704A0E4A-011B-4978-BCD5-73300ED62B06} = {68A1FFC7-7BD1-40BB-AB2B-E0B883122431}
		{EF94C597-698B-48BD-B844-FD43E9319297} = {68A1FFC7-7BD1-40BB-AB2B-E0B883122431}
		{D3C3C369-E1E7-449E-8231-B41F3B0ABADD} = {ABAE47F4-4A7D-4387-9676-D7B8A558EE27}
		{AFC752F5-6B61-47F8-A307-6AE40035DBEC} = {68A1FFC7-7BD1-40BB-AB2B-E0B883122431}
		{7E60AE52-65F2-4329-B6EE-7EA995E92194} = {88CFDB23-43C4-4D44-942A-E3661D1338AB}
		{17FD8FA7-BD6A-479D-BEDF-FF234ECA3299} = {88CFDB23-43C4-4D44-942A-E3661D1338AB}
		{BB249CA4-AE19-4758-A029-266416E21761} = {88CFDB23-43C4-4D44-942A-E3661D1338AB}
		{1180839F-BB9B-4262-947C-28B2F588BB96} = {BB249CA4-AE19-4758-A029-266416E21761}
		{0D7A9374-1ABD-4367-9F6D-654113F2D4C1} = {88CFDB23-43C4-4D44-942A-E3661D1338AB}
		{144F1D5C-216D-4119-8CFA-9B804BE76192} = {E0422AB6-4EA1-4F96-AF05-258AC8729B17}
		{890DE47B-D4FF-4F99-8DB5-6C32891F69C1} = {144F1D5C-216D-4119-8CFA-9B804BE76192}
		{48D8961F-CF26-4DE6-914A-D555BA519F5E} = {E0422AB6-4EA1-4F96-AF05-258AC8729B17}
		{090F0C1B-25F5-4EAD-8554-AF5D63801ADD} = {48D8961F-CF26-4DE6-914A-D555BA519F5E}
		{D91AD284-9FFC-41D4-9673-EC0959374133} = {090F0C1B-25F5-4EAD-8554-AF5D63801ADD}
		{F39EA16A-1C9A-4792-AE7C-968EA81ECB7E} = {D91AD284-9FFC-41D4-9673-EC0959374133}
		{0E79FE72-6392-4B55-B670-322F5264E6E7} = {0D7A9374-1ABD-4367-9F6D-654113F2D4C1}
		{B55A2992-6910-44C7-B747-D17E6EE0E96B} = {0E79FE72-6392-4B55-B670-322F5264E6E7}
		{D94B9405-C2FF-4772-9D16-D5754644A264} = {EF94C597-698B-48BD-B844-FD43E9319297}
		{F3DD7CE8-D5B9-4646-B2C9-799638F368C5} = {D94B9405-C2FF-4772-9D16-D5754644A264}
	EndGlobalSection
EndGlobal
